github.com/mattn/go-isatty v0.0.20 h1:xfD0iDuEKnDkl03q4limB+vH+GxLEtL/jb4xVJSWWEY=
github.com/mattn/go-isatty v0.0.20/go.mod h1:W+V8PltTTMOvKvAeJH7IuucS94S2C6jfK/D7dTCTo3Y=
github.com/spf13/pflag v1.0.10 h1:4EBh2KAYBwaONj6b2Ye1GiHfwjqyROoF4RwYO+vPwFk=
github.com/spf13/pflag v1.0.10/go.mod h1:McXfInJRrz4CZXVZOBLb0bTZqETkiAhM9Iw0y3An2Bg=
golang.org/x/sys v0.6.0/go.mod h1:oPkhp1MJrh7nUepCBck5+mAzfO9JrbApNNgaTdGDITg=
golang.org/x/sys v0.42.0 h1:omrd2nAlyT5ESRdCLYdm3+fMfNFE/+Rf4bDIQImRJeo=
golang.org/x/sys v0.42.0/go.mod h1:4GL1E5IUh+htKOUEOaiffhrAeqysfVGipDYzABqnCmw=
pkt.systems/jpact v0.1.0 h1:n32yNDCX7OYDPGTFvChEJ4wfFfpf0J+rARV6Nqb+mVA=
pkt.systems/jpact v0.1.0/go.mod h1:8tpJyY0bdATRRNcqYKXlBg7H7cRXjDJAiKLjdMZD/M4=
pkt.systems/prettyx v0.4.0 h1:pSw3McBTr3hqsHHftVvGyYzRkrL1Yp+LILOAwyDnoUw=
pkt.systems/prettyx v0.4.0/go.mod h1:yx4YUJUyt90fiV9xOqhdKbyt3CgnVB0qZWQfIf7qOD0=
pkt.systems/version v0.4.0 h1:UBIdsvKM3Lrzk4c7RtzhBVbmYt37TfzmXOiDZ/LlsPg=
pkt.systems/version v0.4.0/go.mod h1:ktfpP3nZ1t2/Ua0kYCVksBpP6Za+OSMJ3O/IWzSf5Ak=
